
Microsoft Visual Studio Solution File, Format Version 12.00
# Visual Studio Version 17
VisualStudioVersion = 17.6.33723.286
MinimumVisualStudioVersion = 10.0.40219.1
Project("{FAE04EC0-301F-11D3-BF4B-00C04F79EFBC}") = "PokemonReviewApp", "PokemonReviewApp\PokemonReviewApp.csproj", "{2FA83948-7355-45BC-8FAA-A7B76353CC6A}"
EndProject
Global
	GlobalSection(SolutionConfigurationPlatforms) = preSolution
		Debug|Any CPU = Debug|Any CPU
		Release|Any CPU = Release|Any CPU
	EndGlobalSection
	GlobalSection(ProjectConfigurationPlatforms) = postSolution
		{2FA83948-7355-45BC-8FAA-A7B76353CC6A}.Debug|Any CPU.ActiveCfg = Debug|Any CPU
		{2FA83948-7355-45BC-8FAA-A7B76353CC6A}.Debug|Any CPU.Build.0 = Debug|Any CPU
		{2FA83948-7355-45BC-8FAA-A7B76353CC6A}.Release|Any CPU.ActiveCfg = Release|Any CPU
		{2FA83948-7355-45BC-8FAA-A7B76353CC6A}.Release|Any CPU.Build.0 = Release|Any CPU
	EndGlobalSection
	GlobalSection(SolutionProperties) = preSolution
		HideSolutionNode = FALSE
	EndGlobalSection
	GlobalSection(ExtensibilityGlobals) = postSolution
		SolutionGuid = {E8EE14A0-0FF2-4F07-8A69-A5ADE8CEDB0E}
	EndGlobalSection
EndGlobal
